
Microsoft Visual Studio Solution File, Format Version 12.00
# Visual Studio Version 16
VisualStudioVersion = 16.0.31105.61
MinimumVisualStudioVersion = 10.0.40219.1
Project("{9A19103F-16F7-4668-BE54-9A1E7A4F7556}") = "WebApi", "WebApi\WebApi.csproj", "{35EBD660-E9F4-4E14-BC52-78BAE96DBB8E}"
EndProject
Project("{9A19103F-16F7-4668-BE54-9A1E7A4F7556}") = "BusinessLogic", "BusinessLogic\BusinessLogic.csproj", "{793D0606-C15D-4E2E-8902-1256FD0F50D6}"
EndProject
Project("{9A19103F-16F7-4668-BE54-9A1E7A4F7556}") = "Core", "Core\Core.csproj", "{11009982-35BF-4767-9758-7B70D9816709}"
EndProject
Global
	GlobalSection(SolutionConfigurationPlatforms) = preSolution
		Debug|Any CPU = Debug|Any CPU
		Release|Any CPU = Release|Any CPU
	EndGlobalSection
	GlobalSection(ProjectConfigurationPlatforms) = postSolution
		{35EBD660-E9F4-4E14-BC52-78BAE96DBB8E}.Debug|Any CPU.ActiveCfg = Debug|Any CPU
		{35EBD660-E9F4-4E14-BC52-78BAE96DBB8E}.Debug|Any CPU.Build.0 = Debug|Any CPU
		{35EBD660-E9F4-4E14-BC52-78BAE96DBB8E}.Release|Any CPU.ActiveCfg = Release|Any CPU
		{35EBD660-E9F4-4E14-BC52-78BAE96DBB8E}.Release|Any CPU.Build.0 = Release|Any CPU
		{793D0606-C15D-4E2E-8902-1256FD0F50D6}.Debug|Any CPU.ActiveCfg = Debug|Any CPU
		{793D0606-C15D-4E2E-8902-1256FD0F50D6}.Debug|Any CPU.Build.0 = Debug|Any CPU
		{793D0606-C15D-4E2E-8902-1256FD0F50D6}.Release|Any CPU.ActiveCfg = Release|Any CPU
		{793D0606-C15D-4E2E-8902-1256FD0F50D6}.Release|Any CPU.Build.0 = Release|Any CPU
		{11009982-35BF-4767-9758-7B70D9816709}.Debug|Any CPU.ActiveCfg = Debug|Any CPU
		{11009982-35BF-4767-9758-7B70D9816709}.Debug|Any CPU.Build.0 = Debug|Any CPU
		{11009982-35BF-4767-9758-7B70D9816709}.Release|Any CPU.ActiveCfg = Release|Any CPU
		{11009982-35BF-4767-9758-7B70D9816709}.Release|Any CPU.Build.0 = Release|Any CPU
	EndGlobalSection
	GlobalSection(SolutionProperties) = preSolution
		HideSolutionNode = FALSE
	EndGlobalSection
	GlobalSection(ExtensibilityGlobals) = postSolution
		SolutionGuid = {6B5176C2-D0BF-4FC2-8244-15DA4CBE1597}
	EndGlobalSection
EndGlobal
